// !$*UTF8*$!
{
	archiveVersion = 1;
	classes = {
	};
	objectVersion = 77;
	objects = {

/* Begin PBXBuildFile section */
		0A283063F3C7B974D90D1002 /* Array+Safe.swift in Sources */ = {isa = PBXBuildFile; fileRef = 85699C924959A97004BCE570 /* Array+Safe.swift */; };
		2058227EA4DB35E245915AC6 /* ArtworkTests.swift in Sources */ = {isa = PBXBuildFile; fileRef = D60DA727731C6AD9EACB4766 /* ArtworkTests.swift */; };
		2433BA5BBAA61B0E96770A81 /* NotificationSettingsView.swift in Sources */ = {isa = PBXBuildFile; fileRef = 3388FE3B98938BD4F1C12922 /* NotificationSettingsView.swift */; };
		254681A0E34461D22E0CF4B0 /* HelpView.swift in Sources */ = {isa = PBXBuildFile; fileRef = 6DC78CDE96C01267C75C38D5 /* HelpView.swift */; };
		3984394409537211A02AEDD0 /* HomeViewModel.swift in Sources */ = {isa = PBXBuildFile; fileRef = C4D18837FB157690468B37D6 /* HomeViewModel.swift */; };
		3E9271FB09408534574F919A /* MetMuseumAPIService.swift in Sources */ = {isa = PBXBuildFile; fileRef = 6D6EFDD8CCB106956FC3FE75 /* MetMuseumAPIService.swift */; };
		42659F0E0EFC5BC69DB18CD4 /* GenerateQuizTests.swift in Sources */ = {isa = PBXBuildFile; fileRef = 6DB5880ADA5A21970A9B6573 /* GenerateQuizTests.swift */; };
		42EF9B5E9833DE9F2079DDD8 /* WikipediaImageServiceTests.swift in Sources */ = {isa = PBXBuildFile; fileRef = 58630432D9DD900CD443D37F /* WikipediaImageServiceTests.swift */; };
		4394CD719B65A18E2C4901AC /* Color+Theme.swift in Sources */ = {isa = PBXBuildFile; fileRef = 445AEBCFD0E78A0D71B78AB3 /* Color+Theme.swift */; };
		4ECF9D44B1E1A067FC4157AF /* QuizQuestion.swift in Sources */ = {isa = PBXBuildFile; fileRef = 1D7B2C0FDF8D65B45F84450D /* QuizQuestion.swift */; };
		4EDE752BAE3D142F50466088 /* WikipediaImageService.swift in Sources */ = {isa = PBXBuildFile; fileRef = 4FFDDC8E13B8667D42B4CC95 /* WikipediaImageService.swift */; };
		5675A79C496231F1510C9481 /* QuizViewModel.swift in Sources */ = {isa = PBXBuildFile; fileRef = 345A715D3E6D10D31B88DE58 /* QuizViewModel.swift */; };
		584D6DED12CBB86A003F913D /* CachedAsyncImage.swift in Sources */ = {isa = PBXBuildFile; fileRef = F1C97A13FE12DBD88C166171 /* CachedAsyncImage.swift */; };
		743745D1D5E714C8FCAFA57E /* ImageCache.swift in Sources */ = {isa = PBXBuildFile; fileRef = 870EDA85B4D13C155271F316 /* ImageCache.swift */; };
		74EB336835D9797AE08C5BF5 /* Artwork.swift in Sources */ = {isa = PBXBuildFile; fileRef = 74B48925BFAEDB6E988E9FC5 /* Artwork.swift */; };
		754DBF5A184EC6B1E1A89517 /* BiKenApp.swift in Sources */ = {isa = PBXBuildFile; fileRef = E58FFE94344196D985D64969 /* BiKenApp.swift */; };
		760330EE9CE2C6602FFD8005 /* AboutView.swift in Sources */ = {isa = PBXBuildFile; fileRef = BF2E8BD1D64190B943296127 /* AboutView.swift */; };
		7CAE7D32D4A7EDDD6F7B85AB /* UserProgressTests.swift in Sources */ = {isa = PBXBuildFile; fileRef = FCE8011ECA3295BDB8699CA6 /* UserProgressTests.swift */; };
		7CE323C0CD1226F437F11DBA /* QuizView.swift in Sources */ = {isa = PBXBuildFile; fileRef = AEE59327EC1E3D94A707D6C9 /* QuizView.swift */; };
		7FA2FBE034F7D07D02549FAF /* SettingsView.swift in Sources */ = {isa = PBXBuildFile; fileRef = E555A4B198F51ACBAB4B9696 /* SettingsView.swift */; };
		92652BECE3C4F2D1CD3A0942 /* QuizQuestionTests.swift in Sources */ = {isa = PBXBuildFile; fileRef = B51F33CE9851DB448327D1DE /* QuizQuestionTests.swift */; };
		9F0DFCD2D84EC15D594412D0 /* ArtworkConverter.swift in Sources */ = {isa = PBXBuildFile; fileRef = 9D91100584F210495B75AA74 /* ArtworkConverter.swift */; };
		A3ABDF01D36453C168D1B504 /* TextbookArtworkData.swift in Sources */ = {isa = PBXBuildFile; fileRef = 6B43A51AFD85974E7B1C8949 /* TextbookArtworkData.swift */; };
		A3C0E9FD0AD41AF0A69891BA /* UserProgress.swift in Sources */ = {isa = PBXBuildFile; fileRef = 73FF9F0D4BCEBED32FB3A745 /* UserProgress.swift */; };
		AC1D4BC2565BDEE7EF63E292 /* ArtworkCache.swift in Sources */ = {isa = PBXBuildFile; fileRef = 9B42662B5E0F6D57B75CC942 /* ArtworkCache.swift */; };
		C00F9139E8901E6E037DD036 /* TextbookArtworkDataTests.swift in Sources */ = {isa = PBXBuildFile; fileRef = 4EE769C109213ACB14E61801 /* TextbookArtworkDataTests.swift */; };
		D29BB5CD0A14EC09EED93FCE /* ArtworkDetailView.swift in Sources */ = {isa = PBXBuildFile; fileRef = FFA2F1CC7A94B679D07E0449 /* ArtworkDetailView.swift */; };
		DF414878CF233180333A5E59 /* ReminderSettingsView.swift in Sources */ = {isa = PBXBuildFile; fileRef = FA2F796256349CA937417915 /* ReminderSettingsView.swift */; };
		F1E300F42B7871DA098142BF /* HomeView.swift in Sources */ = {isa = PBXBuildFile; fileRef = 1436BCF75D474D537EB8DB93 /* HomeView.swift */; };
		F986207F1E35B392C959700C /* QuizResultView.swift in Sources */ = {isa = PBXBuildFile; fileRef = 3C7E7F0F32F1B2422056F553 /* QuizResultView.swift */; };
/* End PBXBuildFile section */

/* Begin PBXContainerItemProxy section */
		1BD5FDA35999FC691725D397 /* PBXContainerItemProxy */ = {
			isa = PBXContainerItemProxy;
			containerPortal = E7CBBE1FFC7F5151BD9A7865 /* Project object */;
			proxyType = 1;
			remoteGlobalIDString = 230B4C51AEB08EEF083F8BF8;
			remoteInfo = BiKen;
		};
/* End PBXContainerItemProxy section */

/* Begin PBXFileReference section */
		1436BCF75D474D537EB8DB93 /* HomeView.swift */ = {isa = PBXFileReference; lastKnownFileType = sourcecode.swift; path = HomeView.swift; sourceTree = "<group>"; };
		1D7B2C0FDF8D65B45F84450D /* QuizQuestion.swift */ = {isa = PBXFileReference; lastKnownFileType = sourcecode.swift; path = QuizQuestion.swift; sourceTree = "<group>"; };
		3388FE3B98938BD4F1C12922 /* NotificationSettingsView.swift */ = {isa = PBXFileReference; lastKnownFileType = sourcecode.swift; path = NotificationSettingsView.swift; sourceTree = "<group>"; };
		345A715D3E6D10D31B88DE58 /* QuizViewModel.swift */ = {isa = PBXFileReference; lastKnownFileType = sourcecode.swift; path = QuizViewModel.swift; sourceTree = "<group>"; };
		3C7E7F0F32F1B2422056F553 /* QuizResultView.swift */ = {isa = PBXFileReference; lastKnownFileType = sourcecode.swift; path = QuizResultView.swift; sourceTree = "<group>"; };
		445AEBCFD0E78A0D71B78AB3 /* Color+Theme.swift */ = {isa = PBXFileReference; lastKnownFileType = sourcecode.swift; path = "Color+Theme.swift"; sourceTree = "<group>"; };
		4EE769C109213ACB14E61801 /* TextbookArtworkDataTests.swift */ = {isa = PBXFileReference; lastKnownFileType = sourcecode.swift; path = TextbookArtworkDataTests.swift; sourceTree = "<group>"; };
		4FFDDC8E13B8667D42B4CC95 /* WikipediaImageService.swift */ = {isa = PBXFileReference; lastKnownFileType = sourcecode.swift; path = WikipediaImageService.swift; sourceTree = "<group>"; };
		58630432D9DD900CD443D37F /* WikipediaImageServiceTests.swift */ = {isa = PBXFileReference; lastKnownFileType = sourcecode.swift; path = WikipediaImageServiceTests.swift; sourceTree = "<group>"; };
		6B43A51AFD85974E7B1C8949 /* TextbookArtworkData.swift */ = {isa = PBXFileReference; lastKnownFileType = sourcecode.swift; path = TextbookArtworkData.swift; sourceTree = "<group>"; };
		6D6EFDD8CCB106956FC3FE75 /* MetMuseumAPIService.swift */ = {isa = PBXFileReference; lastKnownFileType = sourcecode.swift; path = MetMuseumAPIService.swift; sourceTree = "<group>"; };
		6DB5880ADA5A21970A9B6573 /* GenerateQuizTests.swift */ = {isa = PBXFileReference; lastKnownFileType = sourcecode.swift; path = GenerateQuizTests.swift; sourceTree = "<group>"; };
		6DC78CDE96C01267C75C38D5 /* HelpView.swift */ = {isa = PBXFileReference; lastKnownFileType = sourcecode.swift; path = HelpView.swift; sourceTree = "<group>"; };
		73FF9F0D4BCEBED32FB3A745 /* UserProgress.swift */ = {isa = PBXFileReference; lastKnownFileType = sourcecode.swift; path = UserProgress.swift; sourceTree = "<group>"; };
		74B48925BFAEDB6E988E9FC5 /* Artwork.swift */ = {isa = PBXFileReference; lastKnownFileType = sourcecode.swift; path = Artwork.swift; sourceTree = "<group>"; };
		85699C924959A97004BCE570 /* Array+Safe.swift */ = {isa = PBXFileReference; lastKnownFileType = sourcecode.swift; path = "Array+Safe.swift"; sourceTree = "<group>"; };
		870EDA85B4D13C155271F316 /* ImageCache.swift */ = {isa = PBXFileReference; lastKnownFileType = sourcecode.swift; path = ImageCache.swift; sourceTree = "<group>"; };
		9B42662B5E0F6D57B75CC942 /* ArtworkCache.swift */ = {isa = PBXFileReference; lastKnownFileType = sourcecode.swift; path = ArtworkCache.swift; sourceTree = "<group>"; };
		9D91100584F210495B75AA74 /* ArtworkConverter.swift */ = {isa = PBXFileReference; lastKnownFileType = sourcecode.swift; path = ArtworkConverter.swift; sourceTree = "<group>"; };
		AEE59327EC1E3D94A707D6C9 /* QuizView.swift */ = {isa = PBXFileReference; lastKnownFileType = sourcecode.swift; path = QuizView.swift; sourceTree = "<group>"; };
		B4BB0E9003F9827C09365632 /* BiKenTests.xctest */ = {isa = PBXFileReference; includeInIndex = 0; lastKnownFileType = wrapper.cfbundle; path = BiKenTests.xctest; sourceTree = BUILT_PRODUCTS_DIR; };
		B51F33CE9851DB448327D1DE /* QuizQuestionTests.swift */ = {isa = PBXFileReference; lastKnownFileType = sourcecode.swift; path = QuizQuestionTests.swift; sourceTree = "<group>"; };
		BF2E8BD1D64190B943296127 /* AboutView.swift */ = {isa = PBXFileReference; lastKnownFileType = sourcecode.swift; path = AboutView.swift; sourceTree = "<group>"; };
		C06E37D258CAB6ECF24C592F /* BiKen.app */ = {isa = PBXFileReference; includeInIndex = 0; lastKnownFileType = wrapper.application; path = BiKen.app; sourceTree = BUILT_PRODUCTS_DIR; };
		C4D18837FB157690468B37D6 /* HomeViewModel.swift */ = {isa = PBXFileReference; lastKnownFileType = sourcecode.swift; path = HomeViewModel.swift; sourceTree = "<group>"; };
		D60DA727731C6AD9EACB4766 /* ArtworkTests.swift */ = {isa = PBXFileReference; lastKnownFileType = sourcecode.swift; path = ArtworkTests.swift; sourceTree = "<group>"; };
		E555A4B198F51ACBAB4B9696 /* SettingsView.swift */ = {isa = PBXFileReference; lastKnownFileType = sourcecode.swift; path = SettingsView.swift; sourceTree = "<group>"; };
		E58FFE94344196D985D64969 /* BiKenApp.swift */ = {isa = PBXFileReference; lastKnownFileType = sourcecode.swift; path = BiKenApp.swift; sourceTree = "<group>"; };
		F1C97A13FE12DBD88C166171 /* CachedAsyncImage.swift */ = {isa = PBXFileReference; lastKnownFileType = sourcecode.swift; path = CachedAsyncImage.swift; sourceTree = "<group>"; };
		FA2F796256349CA937417915 /* ReminderSettingsView.swift */ = {isa = PBXFileReference; lastKnownFileType = sourcecode.swift; path = ReminderSettingsView.swift; sourceTree = "<group>"; };
		FCE8011ECA3295BDB8699CA6 /* UserProgressTests.swift */ = {isa = PBXFileReference; lastKnownFileType = sourcecode.swift; path = UserProgressTests.swift; sourceTree = "<group>"; };
		FFA2F1CC7A94B679D07E0449 /* ArtworkDetailView.swift */ = {isa = PBXFileReference; lastKnownFileType = sourcecode.swift; path = ArtworkDetailView.swift; sourceTree = "<group>"; };
/* End PBXFileReference section */

/* Begin PBXGroup section */
		06BCDF8F58F806CEB66FA43E /* BiKenTests */ = {
			isa = PBXGroup;
			children = (
				D60DA727731C6AD9EACB4766 /* ArtworkTests.swift */,
				6DB5880ADA5A21970A9B6573 /* GenerateQuizTests.swift */,
				B51F33CE9851DB448327D1DE /* QuizQuestionTests.swift */,
				4EE769C109213ACB14E61801 /* TextbookArtworkDataTests.swift */,
				FCE8011ECA3295BDB8699CA6 /* UserProgressTests.swift */,
				58630432D9DD900CD443D37F /* WikipediaImageServiceTests.swift */,
			);
			name = BiKenTests;
			path = Tests/BiKenTests;
			sourceTree = "<group>";
		};
		15C8BF4C96EB683646D1D1F2 /* App */ = {
			isa = PBXGroup;
			children = (
				E58FFE94344196D985D64969 /* BiKenApp.swift */,
			);
			path = App;
			sourceTree = "<group>";
		};
		19FDD7B534AFC713AB39F85F /* Data */ = {
			isa = PBXGroup;
			children = (
				6B43A51AFD85974E7B1C8949 /* TextbookArtworkData.swift */,
			);
			path = Data;
			sourceTree = "<group>";
		};
		1DB02D97EA39D480AE018628 /* Extensions */ = {
			isa = PBXGroup;
			children = (
				85699C924959A97004BCE570 /* Array+Safe.swift */,
				445AEBCFD0E78A0D71B78AB3 /* Color+Theme.swift */,
			);
			path = Extensions;
			sourceTree = "<group>";
		};
		285289B841EE6A3CBBD9C088 /* Views */ = {
			isa = PBXGroup;
			children = (
				86B004BEA6E220002D48ED5D /* Artwork */,
				FE07E885866BF2636159461A /* Components */,
				A2DB410C6D5094C4DDC9F2AC /* Home */,
				DAF937DDF766B3511C00FFFC /* Quiz */,
				EDDCE0CB20526B70A91C6051 /* Settings */,
			);
			path = Views;
			sourceTree = "<group>";
		};
		5E32489225D63D293C6D830B /* Products */ = {
			isa = PBXGroup;
			children = (
				C06E37D258CAB6ECF24C592F /* BiKen.app */,
				B4BB0E9003F9827C09365632 /* BiKenTests.xctest */,
			);
			name = Products;
			sourceTree = "<group>";
		};
		727ED6BA24189D607BDF9A75 = {
			isa = PBXGroup;
			children = (
				15C8BF4C96EB683646D1D1F2 /* App */,
				06BCDF8F58F806CEB66FA43E /* BiKenTests */,
				19FDD7B534AFC713AB39F85F /* Data */,
				1DB02D97EA39D480AE018628 /* Extensions */,
				D0F2F5AB3832651DD8EF9127 /* Models */,
				D52F9159CD7FB6DF3A8D57E3 /* Services */,
				D7ABBDF04AF25A4282484AF9 /* ViewModels */,
				285289B841EE6A3CBBD9C088 /* Views */,
				5E32489225D63D293C6D830B /* Products */,
			);
			sourceTree = "<group>";
		};
		86B004BEA6E220002D48ED5D /* Artwork */ = {
			isa = PBXGroup;
			children = (
				FFA2F1CC7A94B679D07E0449 /* ArtworkDetailView.swift */,
			);
			path = Artwork;
			sourceTree = "<group>";
		};
		A2DB410C6D5094C4DDC9F2AC /* Home */ = {
			isa = PBXGroup;
			children = (
				1436BCF75D474D537EB8DB93 /* HomeView.swift */,
			);
			path = Home;
			sourceTree = "<group>";
		};
		D0F2F5AB3832651DD8EF9127 /* Models */ = {
			isa = PBXGroup;
			children = (
				74B48925BFAEDB6E988E9FC5 /* Artwork.swift */,
				1D7B2C0FDF8D65B45F84450D /* QuizQuestion.swift */,
				73FF9F0D4BCEBED32FB3A745 /* UserProgress.swift */,
			);
			path = Models;
			sourceTree = "<group>";
		};
		D52F9159CD7FB6DF3A8D57E3 /* Services */ = {
			isa = PBXGroup;
			children = (
				9B42662B5E0F6D57B75CC942 /* ArtworkCache.swift */,
				9D91100584F210495B75AA74 /* ArtworkConverter.swift */,
				870EDA85B4D13C155271F316 /* ImageCache.swift */,
				6D6EFDD8CCB106956FC3FE75 /* MetMuseumAPIService.swift */,
				4FFDDC8E13B8667D42B4CC95 /* WikipediaImageService.swift */,
			);
			path = Services;
			sourceTree = "<group>";
		};
		D7ABBDF04AF25A4282484AF9 /* ViewModels */ = {
			isa = PBXGroup;
			children = (
				C4D18837FB157690468B37D6 /* HomeViewModel.swift */,
				345A715D3E6D10D31B88DE58 /* QuizViewModel.swift */,
			);
			path = ViewModels;
			sourceTree = "<group>";
		};
		DAF937DDF766B3511C00FFFC /* Quiz */ = {
			isa = PBXGroup;
			children = (
				3C7E7F0F32F1B2422056F553 /* QuizResultView.swift */,
				AEE59327EC1E3D94A707D6C9 /* QuizView.swift */,
			);
			path = Quiz;
			sourceTree = "<group>";
		};
		EDDCE0CB20526B70A91C6051 /* Settings */ = {
			isa = PBXGroup;
			children = (
				BF2E8BD1D64190B943296127 /* AboutView.swift */,
				6DC78CDE96C01267C75C38D5 /* HelpView.swift */,
				3388FE3B98938BD4F1C12922 /* NotificationSettingsView.swift */,
				FA2F796256349CA937417915 /* ReminderSettingsView.swift */,
				E555A4B198F51ACBAB4B9696 /* SettingsView.swift */,
			);
			path = Settings;
			sourceTree = "<group>";
		};
		FE07E885866BF2636159461A /* Components */ = {
			isa = PBXGroup;
			children = (
				F1C97A13FE12DBD88C166171 /* CachedAsyncImage.swift */,
			);
			path = Components;
			sourceTree = "<group>";
		};
/* End PBXGroup section */

/* Begin PBXNativeTarget section */
		12F2D32CD20F6AF47F7D12C3 /* BiKenTests */ = {
			isa = PBXNativeTarget;
			buildConfigurationList = A9F3CDB9BDCB15C6D74F2359 /* Build configuration list for PBXNativeTarget "BiKenTests" */;
			buildPhases = (
				89084A62AA7485D8EB8B752F /* Sources */,
			);
			buildRules = (
			);
			dependencies = (
				EB63D960B4F6AF6DEE666719 /* PBXTargetDependency */,
			);
			name = BiKenTests;
			packageProductDependencies = (
			);
			productName = BiKenTests;
			productReference = B4BB0E9003F9827C09365632 /* BiKenTests.xctest */;
			productType = "com.apple.product-type.bundle.unit-test";
		};
		230B4C51AEB08EEF083F8BF8 /* BiKen */ = {
			isa = PBXNativeTarget;
			buildConfigurationList = 4DA67E98CCAEA74BA1950A1D /* Build configuration list for PBXNativeTarget "BiKen" */;
			buildPhases = (
				03687BFCD219B183585691A0 /* Sources */,
			);
			buildRules = (
			);
			dependencies = (
			);
			name = BiKen;
			packageProductDependencies = (
			);
			productName = BiKen;
			productReference = C06E37D258CAB6ECF24C592F /* BiKen.app */;
			productType = "com.apple.product-type.application";
		};
/* End PBXNativeTarget section */

/* Begin PBXProject section */
		E7CBBE1FFC7F5151BD9A7865 /* Project object */ = {
			isa = PBXProject;
			attributes = {
				BuildIndependentTargetsInParallel = YES;
				LastUpgradeCheck = 1430;
				TargetAttributes = {
					230B4C51AEB08EEF083F8BF8 = {
						DevelopmentTeam = 6CGGS6SX69;
					};
				};
			};
			buildConfigurationList = 173D26EE15FD71C64DC475BF /* Build configuration list for PBXProject "BiKen" */;
			developmentRegion = en;
			hasScannedForEncodings = 0;
			knownRegions = (
				Base,
				en,
			);
			mainGroup = 727ED6BA24189D607BDF9A75;
			minimizedProjectReferenceProxies = 1;
			preferredProjectObjectVersion = 77;
			productRefGroup = 5E32489225D63D293C6D830B /* Products */;
			projectDirPath = "";
			projectRoot = "";
			targets = (
				230B4C51AEB08EEF083F8BF8 /* BiKen */,
				12F2D32CD20F6AF47F7D12C3 /* BiKenTests */,
			);
		};
/* End PBXProject section */

/* Begin PBXSourcesBuildPhase section */
		03687BFCD219B183585691A0 /* Sources */ = {
			isa = PBXSourcesBuildPhase;
			buildActionMask = 2147483647;
			files = (
				760330EE9CE2C6602FFD8005 /* AboutView.swift in Sources */,
				0A283063F3C7B974D90D1002 /* Array+Safe.swift in Sources */,
				74EB336835D9797AE08C5BF5 /* Artwork.swift in Sources */,
				AC1D4BC2565BDEE7EF63E292 /* ArtworkCache.swift in Sources */,
				9F0DFCD2D84EC15D594412D0 /* ArtworkConverter.swift in Sources */,
				D29BB5CD0A14EC09EED93FCE /* ArtworkDetailView.swift in Sources */,
				754DBF5A184EC6B1E1A89517 /* BiKenApp.swift in Sources */,
				584D6DED12CBB86A003F913D /* CachedAsyncImage.swift in Sources */,
				4394CD719B65A18E2C4901AC /* Color+Theme.swift in Sources */,
				254681A0E34461D22E0CF4B0 /* HelpView.swift in Sources */,
				F1E300F42B7871DA098142BF /* HomeView.swift in Sources */,
				3984394409537211A02AEDD0 /* HomeViewModel.swift in Sources */,
				743745D1D5E714C8FCAFA57E /* ImageCache.swift in Sources */,
				3E9271FB09408534574F919A /* MetMuseumAPIService.swift in Sources */,
				2433BA5BBAA61B0E96770A81 /* NotificationSettingsView.swift in Sources */,
				4ECF9D44B1E1A067FC4157AF /* QuizQuestion.swift in Sources */,
				F986207F1E35B392C959700C /* QuizResultView.swift in Sources */,
				7CE323C0CD1226F437F11DBA /* QuizView.swift in Sources */,
				5675A79C496231F1510C9481 /* QuizViewModel.swift in Sources */,
				DF414878CF233180333A5E59 /* ReminderSettingsView.swift in Sources */,
				7FA2FBE034F7D07D02549FAF /* SettingsView.swift in Sources */,
				A3ABDF01D36453C168D1B504 /* TextbookArtworkData.swift in Sources */,
				A3C0E9FD0AD41AF0A69891BA /* UserProgress.swift in Sources */,
				4EDE752BAE3D142F50466088 /* WikipediaImageService.swift in Sources */,
			);
			runOnlyForDeploymentPostprocessing = 0;
		};
		89084A62AA7485D8EB8B752F /* Sources */ = {
			isa = PBXSourcesBuildPhase;
			buildActionMask = 2147483647;
			files = (
				2058227EA4DB35E245915AC6 /* ArtworkTests.swift in Sources */,
				42659F0E0EFC5BC69DB18CD4 /* GenerateQuizTests.swift in Sources */,
				92652BECE3C4F2D1CD3A0942 /* QuizQuestionTests.swift in Sources */,
				C00F9139E8901E6E037DD036 /* TextbookArtworkDataTests.swift in Sources */,
				7CAE7D32D4A7EDDD6F7B85AB /* UserProgressTests.swift in Sources */,
				42EF9B5E9833DE9F2079DDD8 /* WikipediaImageServiceTests.swift in Sources */,
			);
			runOnlyForDeploymentPostprocessing = 0;
		};
/* End PBXSourcesBuildPhase section */

/* Begin PBXTargetDependency section */
		EB63D960B4F6AF6DEE666719 /* PBXTargetDependency */ = {
			isa = PBXTargetDependency;
			target = 230B4C51AEB08EEF083F8BF8 /* BiKen */;
			targetProxy = 1BD5FDA35999FC691725D397 /* PBXContainerItemProxy */;
		};
/* End PBXTargetDependency section */

/* Begin XCBuildConfiguration section */
		3A3C3275B61A64678A51BB53 /* Release */ = {
			isa = XCBuildConfiguration;
			buildSettings = {
				ALWAYS_SEARCH_USER_PATHS = NO;
				CLANG_ANALYZER_NONNULL = YES;
				CLANG_ANALYZER_NUMBER_OBJECT_CONVERSION = YES_AGGRESSIVE;
				CLANG_CXX_LANGUAGE_STANDARD = "gnu++14";
				CLANG_CXX_LIBRARY = "libc++";
				CLANG_ENABLE_MODULES = YES;
				CLANG_ENABLE_OBJC_ARC = YES;
				CLANG_ENABLE_OBJC_WEAK = YES;
				CLANG_WARN_BLOCK_CAPTURE_AUTORELEASING = YES;
				CLANG_WARN_BOOL_CONVERSION = YES;
				CLANG_WARN_COMMA = YES;
				CLANG_WARN_CONSTANT_CONVERSION = YES;
				CLANG_WARN_DEPRECATED_OBJC_IMPLEMENTATIONS = YES;
				CLANG_WARN_DIRECT_OBJC_ISA_USAGE = YES_ERROR;
				CLANG_WARN_DOCUMENTATION_COMMENTS = YES;
				CLANG_WARN_EMPTY_BODY = YES;
				CLANG_WARN_ENUM_CONVERSION = YES;
				CLANG_WARN_INFINITE_RECURSION = YES;
				CLANG_WARN_INT_CONVERSION = YES;
				CLANG_WARN_NON_LITERAL_NULL_CONVERSION = YES;
				CLANG_WARN_OBJC_IMPLICIT_RETAIN_SELF = YES;
				CLANG_WARN_OBJC_LITERAL_CONVERSION = YES;
				CLANG_WARN_OBJC_ROOT_CLASS = YES_ERROR;
				CLANG_WARN_QUOTED_INCLUDE_IN_FRAMEWORK_HEADER = YES;
				CLANG_WARN_RANGE_LOOP_ANALYSIS = YES;
				CLANG_WARN_STRICT_PROTOTYPES = YES;
				CLANG_WARN_SUSPICIOUS_MOVE = YES;
				CLANG_WARN_UNGUARDED_AVAILABILITY = YES_AGGRESSIVE;
				CLANG_WARN_UNREACHABLE_CODE = YES;
				CLANG_WARN__DUPLICATE_METHOD_MATCH = YES;
				COPY_PHASE_STRIP = NO;
				DEBUG_INFORMATION_FORMAT = "dwarf-with-dsym";
				ENABLE_NS_ASSERTIONS = NO;
				ENABLE_STRICT_OBJC_MSGSEND = YES;
				GCC_C_LANGUAGE_STANDARD = gnu11;
				GCC_NO_COMMON_BLOCKS = YES;
				GCC_WARN_64_TO_32_BIT_CONVERSION = YES;
				GCC_WARN_ABOUT_RETURN_TYPE = YES_ERROR;
				GCC_WARN_UNDECLARED_SELECTOR = YES;
				GCC_WARN_UNINITIALIZED_AUTOS = YES_AGGRESSIVE;
				GCC_WARN_UNUSED_FUNCTION = YES;
				GCC_WARN_UNUSED_VARIABLE = YES;
				IPHONEOS_DEPLOYMENT_TARGET = 17.0;
				MTL_ENABLE_DEBUG_INFO = NO;
				MTL_FAST_MATH = YES;
				PRODUCT_NAME = "$(TARGET_NAME)";
				SDKROOT = iphoneos;
				SWIFT_COMPILATION_MODE = wholemodule;
				SWIFT_OPTIMIZATION_LEVEL = "-O";
				SWIFT_VERSION = 5.0;
			};
			name = Release;
		};
		4FB9B22DFD11408D1862347C /* Debug */ = {
			isa = XCBuildConfiguration;
			buildSettings = {
				ALWAYS_SEARCH_USER_PATHS = NO;
				CLANG_ANALYZER_NONNULL = YES;
				CLANG_ANALYZER_NUMBER_OBJECT_CONVERSION = YES_AGGRESSIVE;
				CLANG_CXX_LANGUAGE_STANDARD = "gnu++14";
				CLANG_CXX_LIBRARY = "libc++";
				CLANG_ENABLE_MODULES = YES;
				CLANG_ENABLE_OBJC_ARC = YES;
				CLANG_ENABLE_OBJC_WEAK = YES;
				CLANG_WARN_BLOCK_CAPTURE_AUTORELEASING = YES;
				CLANG_WARN_BOOL_CONVERSION = YES;
				CLANG_WARN_COMMA = YES;
				CLANG_WARN_CONSTANT_CONVERSION = YES;
				CLANG_WARN_DEPRECATED_OBJC_IMPLEMENTATIONS = YES;
				CLANG_WARN_DIRECT_OBJC_ISA_USAGE = YES_ERROR;
				CLANG_WARN_DOCUMENTATION_COMMENTS = YES;
				CLANG_WARN_EMPTY_BODY = YES;
				CLANG_WARN_ENUM_CONVERSION = YES;
				CLANG_WARN_INFINITE_RECURSION = YES;
				CLANG_WARN_INT_CONVERSION = YES;
				CLANG_WARN_NON_LITERAL_NULL_CONVERSION = YES;
				CLANG_WARN_OBJC_IMPLICIT_RETAIN_SELF = YES;
				CLANG_WARN_OBJC_LITERAL_CONVERSION = YES;
				CLANG_WARN_OBJC_ROOT_CLASS = YES_ERROR;
				CLANG_WARN_QUOTED_INCLUDE_IN_FRAMEWORK_HEADER = YES;
				CLANG_WARN_RANGE_LOOP_ANALYSIS = YES;
				CLANG_WARN_STRICT_PROTOTYPES = YES;
				CLANG_WARN_SUSPICIOUS_MOVE = YES;
				CLANG_WARN_UNGUARDED_AVAILABILITY = YES_AGGRESSIVE;
				CLANG_WARN_UNREACHABLE_CODE = YES;
				CLANG_WARN__DUPLICATE_METHOD_MATCH = YES;
				COPY_PHASE_STRIP = NO;
				DEBUG_INFORMATION_FORMAT = dwarf;
				ENABLE_STRICT_OBJC_MSGSEND = YES;
				ENABLE_TESTABILITY = YES;
				GCC_C_LANGUAGE_STANDARD = gnu11;
				GCC_DYNAMIC_NO_PIC = NO;
				GCC_NO_COMMON_BLOCKS = YES;
				GCC_OPTIMIZATION_LEVEL = 0;
				GCC_PREPROCESSOR_DEFINITIONS = (
					"$(inherited)",
					"DEBUG=1",
				);
				GCC_WARN_64_TO_32_BIT_CONVERSION = YES;
				GCC_WARN_ABOUT_RETURN_TYPE = YES_ERROR;
				GCC_WARN_UNDECLARED_SELECTOR = YES;
				GCC_WARN_UNINITIALIZED_AUTOS = YES_AGGRESSIVE;
				GCC_WARN_UNUSED_FUNCTION = YES;
				GCC_WARN_UNUSED_VARIABLE = YES;
				IPHONEOS_DEPLOYMENT_TARGET = 17.0;
				MTL_ENABLE_DEBUG_INFO = INCLUDE_SOURCE;
				MTL_FAST_MATH = YES;
				ONLY_ACTIVE_ARCH = YES;
				PRODUCT_NAME = "$(TARGET_NAME)";
				SDKROOT = iphoneos;
				SWIFT_ACTIVE_COMPILATION_CONDITIONS = DEBUG;
				SWIFT_OPTIMIZATION_LEVEL = "-Onone";
				SWIFT_VERSION = 5.0;
			};
			name = Debug;
		};
		9A750728DFAE80444E35C4FC /* Debug */ = {
			isa = XCBuildConfiguration;
			buildSettings = {
				BUNDLE_LOADER = "$(TEST_HOST)";
				GENERATE_INFOPLIST_FILE = YES;
				IPHONEOS_DEPLOYMENT_TARGET = 17.0;
				LD_RUNPATH_SEARCH_PATHS = (
					"$(inherited)",
					"@executable_path/Frameworks",
					"@loader_path/Frameworks",
				);
				PRODUCT_BUNDLE_IDENTIFIER = com.tebasakin.BiKenTests;
				SDKROOT = iphoneos;
				SWIFT_STRICT_CONCURRENCY = complete;
				SWIFT_VERSION = 6.0;
				TARGETED_DEVICE_FAMILY = "1,2";
				TEST_HOST = "$(BUILT_PRODUCTS_DIR)/BiKen.app/BiKen";
			};
			name = Debug;
		};
		A6097EB633CC35516A7DF5E2 /* Release */ = {
			isa = XCBuildConfiguration;
			buildSettings = {
				ASSETCATALOG_COMPILER_APPICON_NAME = AppIcon;
				CODE_SIGN_IDENTITY = "iPhone Developer";
				CURRENT_PROJECT_VERSION = 1;
				DEVELOPMENT_TEAM = 6CGGS6SX69;
				INFOPLIST_FILE = Info.plist;
				IPHONEOS_DEPLOYMENT_TARGET = 17.0;
				LD_RUNPATH_SEARCH_PATHS = (
					"$(inherited)",
					"@executable_path/Frameworks",
				);
				MARKETING_VERSION = 1.0.0;
				PRODUCT_BUNDLE_IDENTIFIER = com.tebasakin.biken;
				SDKROOT = iphoneos;
				SWIFT_STRICT_CONCURRENCY = complete;
				SWIFT_VERSION = 6.0;
				TARGETED_DEVICE_FAMILY = "1,2";
			};
			name = Release;
		};
		DD2088ECFA3708108041B3B6 /* Debug */ = {
			isa = XCBuildConfiguration;
			buildSettings = {
				ASSETCATALOG_COMPILER_APPICON_NAME = AppIcon;
				CODE_SIGN_IDENTITY = "iPhone Developer";
				CURRENT_PROJECT_VERSION = 1;
				DEVELOPMENT_TEAM = 6CGGS6SX69;
				INFOPLIST_FILE = Info.plist;
				IPHONEOS_DEPLOYMENT_TARGET = 17.0;
				LD_RUNPATH_SEARCH_PATHS = (
					"$(inherited)",
					"@executable_path/Frameworks",
				);
				MARKETING_VERSION = 1.0.0;
				PRODUCT_BUNDLE_IDENTIFIER = com.tebasakin.biken;
				SDKROOT = iphoneos;
				SWIFT_STRICT_CONCURRENCY = complete;
				SWIFT_VERSION = 6.0;
				TARGETED_DEVICE_FAMILY = "1,2";
			};
			name = Debug;
		};
		DF3F227B7CFB4F6C208BB998 /* Release */ = {
			isa = XCBuildConfiguration;
			buildSettings = {
				BUNDLE_LOADER = "$(TEST_HOST)";
				GENERATE_INFOPLIST_FILE = YES;
				IPHONEOS_DEPLOYMENT_TARGET = 17.0;
				LD_RUNPATH_SEARCH_PATHS = (
					"$(inherited)",
					"@executable_path/Frameworks",
					"@loader_path/Frameworks",
				);
				PRODUCT_BUNDLE_IDENTIFIER = com.tebasakin.BiKenTests;
				SDKROOT = iphoneos;
				SWIFT_STRICT_CONCURRENCY = complete;
				SWIFT_VERSION = 6.0;
				TARGETED_DEVICE_FAMILY = "1,2";
				TEST_HOST = "$(BUILT_PRODUCTS_DIR)/BiKen.app/BiKen";
			};
			name = Release;
		};
/* End XCBuildConfiguration section */

/* Begin XCConfigurationList section */
		173D26EE15FD71C64DC475BF /* Build configuration list for PBXProject "BiKen" */ = {
			isa = XCConfigurationList;
			buildConfigurations = (
				4FB9B22DFD11408D1862347C /* Debug */,
				3A3C3275B61A64678A51BB53 /* Release */,
			);
			defaultConfigurationIsVisible = 0;
			defaultConfigurationName = Debug;
		};
		4DA67E98CCAEA74BA1950A1D /* Build configuration list for PBXNativeTarget "BiKen" */ = {
			isa = XCConfigurationList;
			buildConfigurations = (
				DD2088ECFA3708108041B3B6 /* Debug */,
				A6097EB633CC35516A7DF5E2 /* Release */,
			);
			defaultConfigurationIsVisible = 0;
			defaultConfigurationName = Debug;
		};
		A9F3CDB9BDCB15C6D74F2359 /* Build configuration list for PBXNativeTarget "BiKenTests" */ = {
			isa = XCConfigurationList;
			buildConfigurations = (
				9A750728DFAE80444E35C4FC /* Debug */,
				DF3F227B7CFB4F6C208BB998 /* Release */,
			);
			defaultConfigurationIsVisible = 0;
			defaultConfigurationName = Debug;
		};
/* End XCConfigurationList section */
	};
	rootObject = E7CBBE1FFC7F5151BD9A7865 /* Project object */;
}
